// !$*UTF8*$!
{
	archiveVersion = 1;
	classes = {
	};
	objectVersion = 50;
	objects = {

/* Begin PBXBuildFile section */
		2647767EC62DC897E77F30A7 /* Pods_Secure_DoorTests.framework in Frameworks */ = {isa = PBXBuildFile; fileRef = 1A12A9650C26961958251A57 /* Pods_Secure_DoorTests.framework */; };
		4C0F5B372208C85F007F2424 /* CoreDataInitializer.swift in Sources */ = {isa = PBXBuildFile; fileRef = 4C0F5B362208C85F007F2424 /* CoreDataInitializer.swift */; };
		4C0F5B392208C995007F2424 /* AdminUserService.swift in Sources */ = {isa = PBXBuildFile; fileRef = 4C0F5B382208C995007F2424 /* AdminUserService.swift */; };
		4C0F5B3B2208C9C8007F2424 /* CoreDataAdminUserService.swift in Sources */ = {isa = PBXBuildFile; fileRef = 4C0F5B3A2208C9C8007F2424 /* CoreDataAdminUserService.swift */; };
		4C0F5B3D2208D29D007F2424 /* CoreUser.swift in Sources */ = {isa = PBXBuildFile; fileRef = 4C0F5B3C2208D29D007F2424 /* CoreUser.swift */; };
		4C122E6722061F1D000569BD /* MainMenu.storyboard in Resources */ = {isa = PBXBuildFile; fileRef = 4C122E6122061F1D000569BD /* MainMenu.storyboard */; };
		4C122E6822061F1D000569BD /* MainMenuInterfaces.swift in Sources */ = {isa = PBXBuildFile; fileRef = 4C122E6222061F1D000569BD /* MainMenuInterfaces.swift */; };
		4C122E6922061F1D000569BD /* MainMenuPresenter.swift in Sources */ = {isa = PBXBuildFile; fileRef = 4C122E6322061F1D000569BD /* MainMenuPresenter.swift */; };
		4C122E6A22061F1D000569BD /* MainMenuViewController.swift in Sources */ = {isa = PBXBuildFile; fileRef = 4C122E6422061F1D000569BD /* MainMenuViewController.swift */; };
		4C122E6B22061F1D000569BD /* MainMenuInteractor.swift in Sources */ = {isa = PBXBuildFile; fileRef = 4C122E6522061F1D000569BD /* MainMenuInteractor.swift */; };
		4C122E6C22061F1D000569BD /* MainMenuWireframe.swift in Sources */ = {isa = PBXBuildFile; fileRef = 4C122E6622061F1D000569BD /* MainMenuWireframe.swift */; };
		4C122E6E22061FEC000569BD /* MainMenuContainer.swift in Sources */ = {isa = PBXBuildFile; fileRef = 4C122E6D22061FEC000569BD /* MainMenuContainer.swift */; };
		4C122E70220621BC000569BD /* SWRevelController.swift in Sources */ = {isa = PBXBuildFile; fileRef = 4C122E6F220621BC000569BD /* SWRevelController.swift */; };
		4C15A4152206EE9E0070C239 /* MenuButton.swift in Sources */ = {isa = PBXBuildFile; fileRef = 4C15A4142206EE9E0070C239 /* MenuButton.swift */; };
		4C2299CD2205957F0031E60F /* AppDelegate.swift in Sources */ = {isa = PBXBuildFile; fileRef = 4C2299CC2205957F0031E60F /* AppDelegate.swift */; };
		4C2299D52205957F0031E60F /* Secure_Door.xcdatamodeld in Sources */ = {isa = PBXBuildFile; fileRef = 4C2299D32205957F0031E60F /* Secure_Door.xcdatamodeld */; };
		4C2299D7220595810031E60F /* Assets.xcassets in Resources */ = {isa = PBXBuildFile; fileRef = 4C2299D6220595810031E60F /* Assets.xcassets */; };
		4C2299DA220595810031E60F /* LaunchScreen.storyboard in Resources */ = {isa = PBXBuildFile; fileRef = 4C2299D8220595810031E60F /* LaunchScreen.storyboard */; };
		4C2299E5220595810031E60F /* Secure_DoorTests.swift in Sources */ = {isa = PBXBuildFile; fileRef = 4C2299E4220595810031E60F /* Secure_DoorTests.swift */; };
		4C2299F52205964F0031E60F /* BaseInteractor.swift in Sources */ = {isa = PBXBuildFile; fileRef = 4C2299F12205964F0031E60F /* BaseInteractor.swift */; };
		4C2299F62205964F0031E60F /* BaseView.swift in Sources */ = {isa = PBXBuildFile; fileRef = 4C2299F22205964F0031E60F /* BaseView.swift */; };
		4C2299F72205964F0031E60F /* BaseWireframe.swift in Sources */ = {isa = PBXBuildFile; fileRef = 4C2299F32205964F0031E60F /* BaseWireframe.swift */; };
		4C2299F82205964F0031E60F /* BasePresenter.swift in Sources */ = {isa = PBXBuildFile; fileRef = 4C2299F42205964F0031E60F /* BasePresenter.swift */; };
		4C229A09220596DD0031E60F /* SecureDoorNavigationController.swift in Sources */ = {isa = PBXBuildFile; fileRef = 4C229A08220596DD0031E60F /* SecureDoorNavigationController.swift */; };
		4C229A0D220596FB0031E60F /* UIStoryboardExtension.swift in Sources */ = {isa = PBXBuildFile; fileRef = 4C229A0C220596FB0031E60F /* UIStoryboardExtension.swift */; };
		4C229A11220599D60031E60F /* GoogleService-Info.plist in Resources */ = {isa = PBXBuildFile; fileRef = 4C229A10220599D60031E60F /* GoogleService-Info.plist */; };
		4C229A1922059B240031E60F /* LoginViewController.swift in Sources */ = {isa = PBXBuildFile; fileRef = 4C229A1322059B230031E60F /* LoginViewController.swift */; };
		4C229A1A22059B240031E60F /* LoginInteractor.swift in Sources */ = {isa = PBXBuildFile; fileRef = 4C229A1422059B230031E60F /* LoginInteractor.swift */; };
		4C229A1B22059B240031E60F /* LoginPresenter.swift in Sources */ = {isa = PBXBuildFile; fileRef = 4C229A1522059B240031E60F /* LoginPresenter.swift */; };
		4C229A1C22059B240031E60F /* LoginInterfaces.swift in Sources */ = {isa = PBXBuildFile; fileRef = 4C229A1622059B240031E60F /* LoginInterfaces.swift */; };
		4C229A1D22059B240031E60F /* LoginWireframe.swift in Sources */ = {isa = PBXBuildFile; fileRef = 4C229A1722059B240031E60F /* LoginWireframe.swift */; };
		4C229A1E22059B240031E60F /* Login.storyboard in Resources */ = {isa = PBXBuildFile; fileRef = 4C229A1822059B240031E60F /* Login.storyboard */; };
		4C229A2122059B5E0031E60F /* UserService.swift in Sources */ = {isa = PBXBuildFile; fileRef = 4C229A2022059B5E0031E60F /* UserService.swift */; };
		4C229A2422059C090031E60F /* FirebaseUserService.swift in Sources */ = {isa = PBXBuildFile; fileRef = 4C229A2322059C090031E60F /* FirebaseUserService.swift */; };
		4C229A2622059E160031E60F /* Result.swift in Sources */ = {isa = PBXBuildFile; fileRef = 4C229A2522059E160031E60F /* Result.swift */; };
		4C229A292205BA2F0031E60F /* ContainerProtocol.swift in Sources */ = {isa = PBXBuildFile; fileRef = 4C229A282205BA2F0031E60F /* ContainerProtocol.swift */; };
		4C229A2B2205BB0F0031E60F /* AppContainer.swift in Sources */ = {isa = PBXBuildFile; fileRef = 4C229A2A2205BB0F0031E60F /* AppContainer.swift */; };
		4C229A2D2205BC880031E60F /* LoginContainer.swift in Sources */ = {isa = PBXBuildFile; fileRef = 4C229A2C2205BC880031E60F /* LoginContainer.swift */; };
		4CF4399B220742440025C392 /* Initializable.swift in Sources */ = {isa = PBXBuildFile; fileRef = 4CF4399A220742440025C392 /* Initializable.swift */; };
		4CF4399D220743610025C392 /* SwinjectInitializer.swift in Sources */ = {isa = PBXBuildFile; fileRef = 4CF4399C220743610025C392 /* SwinjectInitializer.swift */; };
		4CF4399F2207444B0025C392 /* ProgressHudInitializer.swift in Sources */ = {isa = PBXBuildFile; fileRef = 4CF4399E2207444B0025C392 /* ProgressHudInitializer.swift */; };
		4CF439A1220744900025C392 /* FirebaseInitializer.swift in Sources */ = {isa = PBXBuildFile; fileRef = 4CF439A0220744900025C392 /* FirebaseInitializer.swift */; };
		4CF439A3220767D90025C392 /* CoreDataStack.swift in Sources */ = {isa = PBXBuildFile; fileRef = 4CF439A2220767D90025C392 /* CoreDataStack.swift */; };
		4CF439A52207684C0025C392 /* ObjectContextExtension.swift in Sources */ = {isa = PBXBuildFile; fileRef = 4CF439A42207684C0025C392 /* ObjectContextExtension.swift */; };
		4CF439A7220768A90025C392 /* NSObjectExtension.swift in Sources */ = {isa = PBXBuildFile; fileRef = 4CF439A6220768A90025C392 /* NSObjectExtension.swift */; };
		4CF439A9220772A70025C392 /* Door.swift in Sources */ = {isa = PBXBuildFile; fileRef = 4CF439A8220772A70025C392 /* Door.swift */; };
		4CF439AB220773140025C392 /* User.swift in Sources */ = {isa = PBXBuildFile; fileRef = 4CF439AA220773140025C392 /* User.swift */; };
		4CF439AE220773B20025C392 /* CoreDore.swift in Sources */ = {isa = PBXBuildFile; fileRef = 4CF439AD220773B20025C392 /* CoreDore.swift */; };
		4CF439B0220774920025C392 /* DoorService.swift in Sources */ = {isa = PBXBuildFile; fileRef = 4CF439AF220774920025C392 /* DoorService.swift */; };
		4CF439B32207751E0025C392 /* CoreDataDoorService.swift in Sources */ = {isa = PBXBuildFile; fileRef = 4CF439B22207751E0025C392 /* CoreDataDoorService.swift */; };
		4CF439B52207765B0025C392 /* BaseModel.swift in Sources */ = {isa = PBXBuildFile; fileRef = 4CF439B42207765B0025C392 /* BaseModel.swift */; };
		4CF439BD22077DA50025C392 /* Doors.storyboard in Resources */ = {isa = PBXBuildFile; fileRef = 4CF439B722077DA50025C392 /* Doors.storyboard */; };
		4CF439BE22077DA50025C392 /* DoorsInterfaces.swift in Sources */ = {isa = PBXBuildFile; fileRef = 4CF439B822077DA50025C392 /* DoorsInterfaces.swift */; };
		4CF439BF22077DA50025C392 /* DoorsPresenter.swift in Sources */ = {isa = PBXBuildFile; fileRef = 4CF439B922077DA50025C392 /* DoorsPresenter.swift */; };
		4CF439C022077DA50025C392 /* DoorsViewController.swift in Sources */ = {isa = PBXBuildFile; fileRef = 4CF439BA22077DA50025C392 /* DoorsViewController.swift */; };
		4CF439C122077DA50025C392 /* DoorsInteractor.swift in Sources */ = {isa = PBXBuildFile; fileRef = 4CF439BB22077DA50025C392 /* DoorsInteractor.swift */; };
		4CF439C222077DA50025C392 /* DoorsWireframe.swift in Sources */ = {isa = PBXBuildFile; fileRef = 4CF439BC22077DA50025C392 /* DoorsWireframe.swift */; };
		4CF439C5220782510025C392 /* DoorTableViewCell.swift in Sources */ = {isa = PBXBuildFile; fileRef = 4CF439C4220782510025C392 /* DoorTableViewCell.swift */; };
		4CF439C722078A4E0025C392 /* DoorsContainer.swift in Sources */ = {isa = PBXBuildFile; fileRef = 4CF439C622078A4E0025C392 /* DoorsContainer.swift */; };
		9EB6C0F686443B28A8CB1203 /* Pods_Secure_Door.framework in Frameworks */ = {isa = PBXBuildFile; fileRef = 2F5603C1E62E4DF56C3ADC6A /* Pods_Secure_Door.framework */; };
/* End PBXBuildFile section */

/* Begin PBXContainerItemProxy section */
		4C2299E1220595810031E60F /* PBXContainerItemProxy */ = {
			isa = PBXContainerItemProxy;
			containerPortal = 4C2299C12205957F0031E60F /* Project object */;
			proxyType = 1;
			remoteGlobalIDString = 4C2299C82205957F0031E60F;
			remoteInfo = "Secure Door";
		};
/* End PBXContainerItemProxy section */

/* Begin PBXFileReference section */
		1A12A9650C26961958251A57 /* Pods_Secure_DoorTests.framework */ = {isa = PBXFileReference; explicitFileType = wrapper.framework; includeInIndex = 0; path = Pods_Secure_DoorTests.framework; sourceTree = BUILT_PRODUCTS_DIR; };
		2F5603C1E62E4DF56C3ADC6A /* Pods_Secure_Door.framework */ = {isa = PBXFileReference; explicitFileType = wrapper.framework; includeInIndex = 0; path = Pods_Secure_Door.framework; sourceTree = BUILT_PRODUCTS_DIR; };
		40864D784103B6D016D17A85 /* Pods-Secure Door.release.xcconfig */ = {isa = PBXFileReference; includeInIndex = 1; lastKnownFileType = text.xcconfig; name = "Pods-Secure Door.release.xcconfig"; path = "Pods/Target Support Files/Pods-Secure Door/Pods-Secure Door.release.xcconfig"; sourceTree = "<group>"; };
		4C0F5B362208C85F007F2424 /* CoreDataInitializer.swift */ = {isa = PBXFileReference; lastKnownFileType = sourcecode.swift; path = CoreDataInitializer.swift; sourceTree = "<group>"; };
		4C0F5B382208C995007F2424 /* AdminUserService.swift */ = {isa = PBXFileReference; lastKnownFileType = sourcecode.swift; path = AdminUserService.swift; sourceTree = "<group>"; };
		4C0F5B3A2208C9C8007F2424 /* CoreDataAdminUserService.swift */ = {isa = PBXFileReference; lastKnownFileType = sourcecode.swift; path = CoreDataAdminUserService.swift; sourceTree = "<group>"; };
		4C0F5B3C2208D29D007F2424 /* CoreUser.swift */ = {isa = PBXFileReference; lastKnownFileType = sourcecode.swift; path = CoreUser.swift; sourceTree = "<group>"; };
		4C122E6122061F1D000569BD /* MainMenu.storyboard */ = {isa = PBXFileReference; lastKnownFileType = file.storyboard; path = MainMenu.storyboard; sourceTree = "<group>"; };
		4C122E6222061F1D000569BD /* MainMenuInterfaces.swift */ = {isa = PBXFileReference; lastKnownFileType = sourcecode.swift; path = MainMenuInterfaces.swift; sourceTree = "<group>"; };
		4C122E6322061F1D000569BD /* MainMenuPresenter.swift */ = {isa = PBXFileReference; lastKnownFileType = sourcecode.swift; path = MainMenuPresenter.swift; sourceTree = "<group>"; };
		4C122E6422061F1D000569BD /* MainMenuViewController.swift */ = {isa = PBXFileReference; lastKnownFileType = sourcecode.swift; path = MainMenuViewController.swift; sourceTree = "<group>"; };
		4C122E6522061F1D000569BD /* MainMenuInteractor.swift */ = {isa = PBXFileReference; lastKnownFileType = sourcecode.swift; path = MainMenuInteractor.swift; sourceTree = "<group>"; };
		4C122E6622061F1D000569BD /* MainMenuWireframe.swift */ = {isa = PBXFileReference; lastKnownFileType = sourcecode.swift; path = MainMenuWireframe.swift; sourceTree = "<group>"; };
		4C122E6D22061FEC000569BD /* MainMenuContainer.swift */ = {isa = PBXFileReference; lastKnownFileType = sourcecode.swift; path = MainMenuContainer.swift; sourceTree = "<group>"; };
		4C122E6F220621BC000569BD /* SWRevelController.swift */ = {isa = PBXFileReference; lastKnownFileType = sourcecode.swift; path = SWRevelController.swift; sourceTree = "<group>"; };
		4C15A4142206EE9E0070C239 /* MenuButton.swift */ = {isa = PBXFileReference; lastKnownFileType = sourcecode.swift; path = MenuButton.swift; sourceTree = "<group>"; };
		4C2299C92205957F0031E60F /* Secure Door.app */ = {isa = PBXFileReference; explicitFileType = wrapper.application; includeInIndex = 0; path = "Secure Door.app"; sourceTree = BUILT_PRODUCTS_DIR; };
		4C2299CC2205957F0031E60F /* AppDelegate.swift */ = {isa = PBXFileReference; lastKnownFileType = sourcecode.swift; path = AppDelegate.swift; sourceTree = "<group>"; };
		4C2299D42205957F0031E60F /* Secure_Door.xcdatamodel */ = {isa = PBXFileReference; lastKnownFileType = wrapper.xcdatamodel; path = Secure_Door.xcdatamodel; sourceTree = "<group>"; };
		4C2299D6220595810031E60F /* Assets.xcassets */ = {isa = PBXFileReference; lastKnownFileType = folder.assetcatalog; path = Assets.xcassets; sourceTree = "<group>"; };
		4C2299D9220595810031E60F /* Base */ = {isa = PBXFileReference; lastKnownFileType = file.storyboard; name = Base; path = Base.lproj/LaunchScreen.storyboard; sourceTree = "<group>"; };
		4C2299DB220595810031E60F /* Info.plist */ = {isa = PBXFileReference; lastKnownFileType = text.plist.xml; path = Info.plist; sourceTree = "<group>"; };
		4C2299E0220595810031E60F /* Secure DoorTests.xctest */ = {isa = PBXFileReference; explicitFileType = wrapper.cfbundle; includeInIndex = 0; path = "Secure DoorTests.xctest"; sourceTree = BUILT_PRODUCTS_DIR; };
		4C2299E4220595810031E60F /* Secure_DoorTests.swift */ = {isa = PBXFileReference; lastKnownFileType = sourcecode.swift; path = Secure_DoorTests.swift; sourceTree = "<group>"; };
		4C2299E6220595810031E60F /* Info.plist */ = {isa = PBXFileReference; lastKnownFileType = text.plist.xml; path = Info.plist; sourceTree = "<group>"; };
		4C2299F12205964F0031E60F /* BaseInteractor.swift */ = {isa = PBXFileReference; fileEncoding = 4; lastKnownFileType = sourcecode.swift; path = BaseInteractor.swift; sourceTree = "<group>"; };
		4C2299F22205964F0031E60F /* BaseView.swift */ = {isa = PBXFileReference; fileEncoding = 4; lastKnownFileType = sourcecode.swift; path = BaseView.swift; sourceTree = "<group>"; };
		4C2299F32205964F0031E60F /* BaseWireframe.swift */ = {isa = PBXFileReference; fileEncoding = 4; lastKnownFileType = sourcecode.swift; path = BaseWireframe.swift; sourceTree = "<group>"; };
		4C2299F42205964F0031E60F /* BasePresenter.swift */ = {isa = PBXFileReference; fileEncoding = 4; lastKnownFileType = sourcecode.swift; path = BasePresenter.swift; sourceTree = "<group>"; };
		4C229A08220596DD0031E60F /* SecureDoorNavigationController.swift */ = {isa = PBXFileReference; fileEncoding = 4; lastKnownFileType = sourcecode.swift; path = SecureDoorNavigationController.swift; sourceTree = "<group>"; };
		4C229A0C220596FB0031E60F /* UIStoryboardExtension.swift */ = {isa = PBXFileReference; fileEncoding = 4; lastKnownFileType = sourcecode.swift; path = UIStoryboardExtension.swift; sourceTree = "<group>"; };
		4C229A10220599D60031E60F /* GoogleService-Info.plist */ = {isa = PBXFileReference; fileEncoding = 4; lastKnownFileType = text.plist.xml; path = "GoogleService-Info.plist"; sourceTree = "<group>"; };
		4C229A1322059B230031E60F /* LoginViewController.swift */ = {isa = PBXFileReference; fileEncoding = 4; lastKnownFileType = sourcecode.swift; path = LoginViewController.swift; sourceTree = "<group>"; };
		4C229A1422059B230031E60F /* LoginInteractor.swift */ = {isa = PBXFileReference; fileEncoding = 4; lastKnownFileType = sourcecode.swift; path = LoginInteractor.swift; sourceTree = "<group>"; };
		4C229A1522059B240031E60F /* LoginPresenter.swift */ = {isa = PBXFileReference; fileEncoding = 4; lastKnownFileType = sourcecode.swift; path = LoginPresenter.swift; sourceTree = "<group>"; };
		4C229A1622059B240031E60F /* LoginInterfaces.swift */ = {isa = PBXFileReference; fileEncoding = 4; lastKnownFileType = sourcecode.swift; path = LoginInterfaces.swift; sourceTree = "<group>"; };
		4C229A1722059B240031E60F /* LoginWireframe.swift */ = {isa = PBXFileReference; fileEncoding = 4; lastKnownFileType = sourcecode.swift; path = LoginWireframe.swift; sourceTree = "<group>"; };
		4C229A1822059B240031E60F /* Login.storyboard */ = {isa = PBXFileReference; fileEncoding = 4; lastKnownFileType = file.storyboard; path = Login.storyboard; sourceTree = "<group>"; };
		4C229A2022059B5E0031E60F /* UserService.swift */ = {isa = PBXFileReference; fileEncoding = 4; lastKnownFileType = sourcecode.swift; path = UserService.swift; sourceTree = "<group>"; };
		4C229A2322059C090031E60F /* FirebaseUserService.swift */ = {isa = PBXFileReference; fileEncoding = 4; lastKnownFileType = sourcecode.swift; path = FirebaseUserService.swift; sourceTree = "<group>"; };
		4C229A2522059E160031E60F /* Result.swift */ = {isa = PBXFileReference; lastKnownFileType = sourcecode.swift; path = Result.swift; sourceTree = "<group>"; };
		4C229A282205BA2F0031E60F /* ContainerProtocol.swift */ = {isa = PBXFileReference; lastKnownFileType = sourcecode.swift; path = ContainerProtocol.swift; sourceTree = "<group>"; };
		4C229A2A2205BB0F0031E60F /* AppContainer.swift */ = {isa = PBXFileReference; lastKnownFileType = sourcecode.swift; path = AppContainer.swift; sourceTree = "<group>"; };
		4C229A2C2205BC880031E60F /* LoginContainer.swift */ = {isa = PBXFileReference; lastKnownFileType = sourcecode.swift; path = LoginContainer.swift; sourceTree = "<group>"; };
		4CF4399A220742440025C392 /* Initializable.swift */ = {isa = PBXFileReference; lastKnownFileType = sourcecode.swift; path = Initializable.swift; sourceTree = "<group>"; };
		4CF4399C220743610025C392 /* SwinjectInitializer.swift */ = {isa = PBXFileReference; lastKnownFileType = sourcecode.swift; path = SwinjectInitializer.swift; sourceTree = "<group>"; };
		4CF4399E2207444B0025C392 /* ProgressHudInitializer.swift */ = {isa = PBXFileReference; lastKnownFileType = sourcecode.swift; path = ProgressHudInitializer.swift; sourceTree = "<group>"; };
		4CF439A0220744900025C392 /* FirebaseInitializer.swift */ = {isa = PBXFileReference; lastKnownFileType = sourcecode.swift; path = FirebaseInitializer.swift; sourceTree = "<group>"; };
		4CF439A2220767D90025C392 /* CoreDataStack.swift */ = {isa = PBXFileReference; lastKnownFileType = sourcecode.swift; path = CoreDataStack.swift; sourceTree = "<group>"; };
		4CF439A42207684C0025C392 /* ObjectContextExtension.swift */ = {isa = PBXFileReference; lastKnownFileType = sourcecode.swift; path = ObjectContextExtension.swift; sourceTree = "<group>"; };
		4CF439A6220768A90025C392 /* NSObjectExtension.swift */ = {isa = PBXFileReference; lastKnownFileType = sourcecode.swift; path = NSObjectExtension.swift; sourceTree = "<group>"; };
		4CF439A8220772A70025C392 /* Door.swift */ = {isa = PBXFileReference; lastKnownFileType = sourcecode.swift; path = Door.swift; sourceTree = "<group>"; };
		4CF439AA220773140025C392 /* User.swift */ = {isa = PBXFileReference; lastKnownFileType = sourcecode.swift; path = User.swift; sourceTree = "<group>"; };
		4CF439AD220773B20025C392 /* CoreDore.swift */ = {isa = PBXFileReference; lastKnownFileType = sourcecode.swift; path = CoreDore.swift; sourceTree = "<group>"; };
		4CF439AF220774920025C392 /* DoorService.swift */ = {isa = PBXFileReference; lastKnownFileType = sourcecode.swift; path = DoorService.swift; sourceTree = "<group>"; };
		4CF439B22207751E0025C392 /* CoreDataDoorService.swift */ = {isa = PBXFileReference; lastKnownFileType = sourcecode.swift; path = CoreDataDoorService.swift; sourceTree = "<group>"; };
		4CF439B42207765B0025C392 /* BaseModel.swift */ = {isa = PBXFileReference; lastKnownFileType = sourcecode.swift; path = BaseModel.swift; sourceTree = "<group>"; };
		4CF439B722077DA50025C392 /* Doors.storyboard */ = {isa = PBXFileReference; lastKnownFileType = file.storyboard; path = Doors.storyboard; sourceTree = "<group>"; };
		4CF439B822077DA50025C392 /* DoorsInterfaces.swift */ = {isa = PBXFileReference; lastKnownFileType = sourcecode.swift; path = DoorsInterfaces.swift; sourceTree = "<group>"; };
		4CF439B922077DA50025C392 /* DoorsPresenter.swift */ = {isa = PBXFileReference; lastKnownFileType = sourcecode.swift; path = DoorsPresenter.swift; sourceTree = "<group>"; };
		4CF439BA22077DA50025C392 /* DoorsViewController.swift */ = {isa = PBXFileReference; lastKnownFileType = sourcecode.swift; path = DoorsViewController.swift; sourceTree = "<group>"; };
		4CF439BB22077DA50025C392 /* DoorsInteractor.swift */ = {isa = PBXFileReference; lastKnownFileType = sourcecode.swift; path = DoorsInteractor.swift; sourceTree = "<group>"; };
		4CF439BC22077DA50025C392 /* DoorsWireframe.swift */ = {isa = PBXFileReference; lastKnownFileType = sourcecode.swift; path = DoorsWireframe.swift; sourceTree = "<group>"; };
		4CF439C4220782510025C392 /* DoorTableViewCell.swift */ = {isa = PBXFileReference; lastKnownFileType = sourcecode.swift; path = DoorTableViewCell.swift; sourceTree = "<group>"; };
		4CF439C622078A4E0025C392 /* DoorsContainer.swift */ = {isa = PBXFileReference; lastKnownFileType = sourcecode.swift; path = DoorsContainer.swift; sourceTree = "<group>"; };
		5F0227853240E6C9206CA996 /* Pods-Secure Door.debug.xcconfig */ = {isa = PBXFileReference; includeInIndex = 1; lastKnownFileType = text.xcconfig; name = "Pods-Secure Door.debug.xcconfig"; path = "Pods/Target Support Files/Pods-Secure Door/Pods-Secure Door.debug.xcconfig"; sourceTree = "<group>"; };
		A6BECA7421BD912F320915D0 /* Pods-Secure DoorTests.release.xcconfig */ = {isa = PBXFileReference; includeInIndex = 1; lastKnownFileType = text.xcconfig; name = "Pods-Secure DoorTests.release.xcconfig"; path = "Pods/Target Support Files/Pods-Secure DoorTests/Pods-Secure DoorTests.release.xcconfig"; sourceTree = "<group>"; };
		DA68C7240804192C4E196E1F /* Pods-Secure DoorTests.debug.xcconfig */ = {isa = PBXFileReference; includeInIndex = 1; lastKnownFileType = text.xcconfig; name = "Pods-Secure DoorTests.debug.xcconfig"; path = "Pods/Target Support Files/Pods-Secure DoorTests/Pods-Secure DoorTests.debug.xcconfig"; sourceTree = "<group>"; };
/* End PBXFileReference section */

/* Begin PBXFrameworksBuildPhase section */
		4C2299C62205957F0031E60F /* Frameworks */ = {
			isa = PBXFrameworksBuildPhase;
			buildActionMask = 2147483647;
			files = (
				9EB6C0F686443B28A8CB1203 /* Pods_Secure_Door.framework in Frameworks */,
			);
			runOnlyForDeploymentPostprocessing = 0;
		};
		4C2299DD220595810031E60F /* Frameworks */ = {
			isa = PBXFrameworksBuildPhase;
			buildActionMask = 2147483647;
			files = (
				2647767EC62DC897E77F30A7 /* Pods_Secure_DoorTests.framework in Frameworks */,
			);
			runOnlyForDeploymentPostprocessing = 0;
		};
/* End PBXFrameworksBuildPhase section */

/* Begin PBXGroup section */
		22CA157B828FFE165329C18D /* Pods */ = {
			isa = PBXGroup;
			children = (
				5F0227853240E6C9206CA996 /* Pods-Secure Door.debug.xcconfig */,
				40864D784103B6D016D17A85 /* Pods-Secure Door.release.xcconfig */,
				DA68C7240804192C4E196E1F /* Pods-Secure DoorTests.debug.xcconfig */,
				A6BECA7421BD912F320915D0 /* Pods-Secure DoorTests.release.xcconfig */,
			);
			name = Pods;
			sourceTree = "<group>";
		};
		2579BF96ADF18CE7E127DA28 /* Frameworks */ = {
			isa = PBXGroup;
			children = (
				2F5603C1E62E4DF56C3ADC6A /* Pods_Secure_Door.framework */,
				1A12A9650C26961958251A57 /* Pods_Secure_DoorTests.framework */,
			);
			name = Frameworks;
			sourceTree = "<group>";
		};
		4C122E5422061A3D000569BD /* MainMenu */ = {
			isa = PBXGroup;
			children = (
				4C122E6122061F1D000569BD /* MainMenu.storyboard */,
				4C122E6222061F1D000569BD /* MainMenuInterfaces.swift */,
				4C122E6322061F1D000569BD /* MainMenuPresenter.swift */,
				4C122E6422061F1D000569BD /* MainMenuViewController.swift */,
				4C122E6522061F1D000569BD /* MainMenuInteractor.swift */,
				4C122E6622061F1D000569BD /* MainMenuWireframe.swift */,
			);
			path = MainMenu;
			sourceTree = "<group>";
		};
		4C15A4132206EE660070C239 /* Views */ = {
			isa = PBXGroup;
			children = (
				4C15A4142206EE9E0070C239 /* MenuButton.swift */,
			);
			path = Views;
			sourceTree = "<group>";
		};
		4C2299C02205957F0031E60F = {
			isa = PBXGroup;
			children = (
				4C2299CB2205957F0031E60F /* Secure Door */,
				4C2299E3220595810031E60F /* Secure DoorTests */,
				4C2299CA2205957F0031E60F /* Products */,
				22CA157B828FFE165329C18D /* Pods */,
				2579BF96ADF18CE7E127DA28 /* Frameworks */,
			);
			sourceTree = "<group>";
		};
		4C2299CA2205957F0031E60F /* Products */ = {
			isa = PBXGroup;
			children = (
				4C2299C92205957F0031E60F /* Secure Door.app */,
				4C2299E0220595810031E60F /* Secure DoorTests.xctest */,
			);
			name = Products;
			sourceTree = "<group>";
		};
		4C2299CB2205957F0031E60F /* Secure Door */ = {
			isa = PBXGroup;
			children = (
				4C229A272205B9B50031E60F /* DI */,
				4C229A1F22059B4E0031E60F /* Services */,
				4C229A0F220598D90031E60F /* CoreData */,
				4C229A0E220598C80031E60F /* Model */,
				4C229A0A220596EA0031E60F /* Common */,
				4C229A07220596CA0031E60F /* Application */,
				4C229A062205969C0031E60F /* SupportingFiles */,
				4C2299EF2205962F0031E60F /* Modules */,
			);
			path = "Secure Door";
			sourceTree = "<group>";
		};
		4C2299E3220595810031E60F /* Secure DoorTests */ = {
			isa = PBXGroup;
			children = (
				4C2299E4220595810031E60F /* Secure_DoorTests.swift */,
				4C2299E6220595810031E60F /* Info.plist */,
			);
			path = "Secure DoorTests";
			sourceTree = "<group>";
		};
		4C2299EF2205962F0031E60F /* Modules */ = {
			isa = PBXGroup;
			children = (
				4CF439B622077D850025C392 /* Doors */,
				4C122E5422061A3D000569BD /* MainMenu */,
				4C229A1222059B150031E60F /* Login */,
				4C2299F0220596370031E60F /* Base */,
			);
			path = Modules;
			sourceTree = "<group>";
		};
		4C2299F0220596370031E60F /* Base */ = {
			isa = PBXGroup;
			children = (
				4C2299F12205964F0031E60F /* BaseInteractor.swift */,
				4C2299F42205964F0031E60F /* BasePresenter.swift */,
				4C2299F22205964F0031E60F /* BaseView.swift */,
				4C2299F32205964F0031E60F /* BaseWireframe.swift */,
			);
			path = Base;
			sourceTree = "<group>";
		};
		4C229A062205969C0031E60F /* SupportingFiles */ = {
			isa = PBXGroup;
			children = (
				4C229A10220599D60031E60F /* GoogleService-Info.plist */,
				4C2299D6220595810031E60F /* Assets.xcassets */,
				4C2299D8220595810031E60F /* LaunchScreen.storyboard */,
				4C2299DB220595810031E60F /* Info.plist */,
			);
			path = SupportingFiles;
			sourceTree = "<group>";
		};
		4C229A07220596CA0031E60F /* Application */ = {
			isa = PBXGroup;
			children = (
				4CF43999220742210025C392 /* Initializers */,
				4C2299CC2205957F0031E60F /* AppDelegate.swift */,
				4C229A08220596DD0031E60F /* SecureDoorNavigationController.swift */,
				4C122E6F220621BC000569BD /* SWRevelController.swift */,
			);
			path = Application;
			sourceTree = "<group>";
		};
		4C229A0A220596EA0031E60F /* Common */ = {
			isa = PBXGroup;
			children = (
				4C15A4132206EE660070C239 /* Views */,
				4C229A0B220596EF0031E60F /* Extensions */,
			);
			path = Common;
			sourceTree = "<group>";
		};
		4C229A0B220596EF0031E60F /* Extensions */ = {
			isa = PBXGroup;
			children = (
				4C229A0C220596FB0031E60F /* UIStoryboardExtension.swift */,
				4CF439A6220768A90025C392 /* NSObjectExtension.swift */,
			);
			path = Extensions;
			sourceTree = "<group>";
		};
		4C229A0E220598C80031E60F /* Model */ = {
			isa = PBXGroup;
			children = (
				4C229A2522059E160031E60F /* Result.swift */,
				4CF439A8220772A70025C392 /* Door.swift */,
				4CF439AA220773140025C392 /* User.swift */,
				4CF439B42207765B0025C392 /* BaseModel.swift */,
			);
			path = Model;
			sourceTree = "<group>";
		};
		4C229A0F220598D90031E60F /* CoreData */ = {
			isa = PBXGroup;
			children = (
				4CF439AC2207739E0025C392 /* Entities */,
				4C2299D32205957F0031E60F /* Secure_Door.xcdatamodeld */,
				4CF439A2220767D90025C392 /* CoreDataStack.swift */,
				4CF439A42207684C0025C392 /* ObjectContextExtension.swift */,
			);
			path = CoreData;
			sourceTree = "<group>";
		};
		4C229A1222059B150031E60F /* Login */ = {
			isa = PBXGroup;
			children = (
				4C229A1822059B240031E60F /* Login.storyboard */,
				4C229A1422059B230031E60F /* LoginInteractor.swift */,
				4C229A1622059B240031E60F /* LoginInterfaces.swift */,
				4C229A1522059B240031E60F /* LoginPresenter.swift */,
				4C229A1322059B230031E60F /* LoginViewController.swift */,
				4C229A1722059B240031E60F /* LoginWireframe.swift */,
			);
			path = Login;
			sourceTree = "<group>";
		};
		4C229A1F22059B4E0031E60F /* Services */ = {
			isa = PBXGroup;
			children = (
				4CF439B12207750A0025C392 /* CoreData */,
				4C229A2222059C000031E60F /* Firebase */,
				4C229A2022059B5E0031E60F /* UserService.swift */,
				4CF439AF220774920025C392 /* DoorService.swift */,
				4C0F5B382208C995007F2424 /* AdminUserService.swift */,
			);
			path = Services;
			sourceTree = "<group>";
		};
		4C229A2222059C000031E60F /* Firebase */ = {
			isa = PBXGroup;
			children = (
				4C229A2322059C090031E60F /* FirebaseUserService.swift */,
			);
			path = Firebase;
			sourceTree = "<group>";
		};
		4C229A272205B9B50031E60F /* DI */ = {
			isa = PBXGroup;
			children = (
				4C229A282205BA2F0031E60F /* ContainerProtocol.swift */,
				4C229A2A2205BB0F0031E60F /* AppContainer.swift */,
				4C229A2C2205BC880031E60F /* LoginContainer.swift */,
				4C122E6D22061FEC000569BD /* MainMenuContainer.swift */,
				4CF439C622078A4E0025C392 /* DoorsContainer.swift */,
			);
			path = DI;
			sourceTree = "<group>";
		};
		4CF43999220742210025C392 /* Initializers */ = {
			isa = PBXGroup;
			children = (
				4CF4399A220742440025C392 /* Initializable.swift */,
				4CF4399C220743610025C392 /* SwinjectInitializer.swift */,
				4CF4399E2207444B0025C392 /* ProgressHudInitializer.swift */,
				4CF439A0220744900025C392 /* FirebaseInitializer.swift */,
				4C0F5B362208C85F007F2424 /* CoreDataInitializer.swift */,
			);
			path = Initializers;
			sourceTree = "<group>";
		};
		4CF439AC2207739E0025C392 /* Entities */ = {
			isa = PBXGroup;
			children = (
				4CF439AD220773B20025C392 /* CoreDore.swift */,
				4C0F5B3C2208D29D007F2424 /* CoreUser.swift */,
			);
			path = Entities;
			sourceTree = "<group>";
		};
		4CF439B12207750A0025C392 /* CoreData */ = {
			isa = PBXGroup;
			children = (
				4CF439B22207751E0025C392 /* CoreDataDoorService.swift */,
				4C0F5B3A2208C9C8007F2424 /* CoreDataAdminUserService.swift */,
			);
			path = CoreData;
			sourceTree = "<group>";
		};
		4CF439B622077D850025C392 /* Doors */ = {
			isa = PBXGroup;
			children = (
				4CF439C3220781E50025C392 /* Cells */,
				4CF439B722077DA50025C392 /* Doors.storyboard */,
				4CF439B822077DA50025C392 /* DoorsInterfaces.swift */,
				4CF439B922077DA50025C392 /* DoorsPresenter.swift */,
				4CF439BA22077DA50025C392 /* DoorsViewController.swift */,
				4CF439BB22077DA50025C392 /* DoorsInteractor.swift */,
				4CF439BC22077DA50025C392 /* DoorsWireframe.swift */,
			);
			path = Doors;
			sourceTree = "<group>";
		};
		4CF439C3220781E50025C392 /* Cells */ = {
			isa = PBXGroup;
			children = (
				4CF439C4220782510025C392 /* DoorTableViewCell.swift */,
			);
			path = Cells;
			sourceTree = "<group>";
		};
/* End PBXGroup section */

/* Begin PBXNativeTarget section */
		4C2299C82205957F0031E60F /* Secure Door */ = {
			isa = PBXNativeTarget;
			buildConfigurationList = 4C2299E9220595810031E60F /* Build configuration list for PBXNativeTarget "Secure Door" */;
			buildPhases = (
				288D966BB859A6213B931F44 /* [CP] Check Pods Manifest.lock */,
				4C2299C52205957F0031E60F /* Sources */,
				4C2299C62205957F0031E60F /* Frameworks */,
				4C2299C72205957F0031E60F /* Resources */,
				76908288518BA685711F8BFB /* [CP] Embed Pods Frameworks */,
			);
			buildRules = (
			);
			dependencies = (
			);
			name = "Secure Door";
			productName = "Secure Door";
			productReference = 4C2299C92205957F0031E60F /* Secure Door.app */;
			productType = "com.apple.product-type.application";
		};
		4C2299DF220595810031E60F /* Secure DoorTests */ = {
			isa = PBXNativeTarget;
			buildConfigurationList = 4C2299EC220595810031E60F /* Build configuration list for PBXNativeTarget "Secure DoorTests" */;
			buildPhases = (
				FA6A400E7FAFB63FD6161A1C /* [CP] Check Pods Manifest.lock */,
				4C2299DC220595810031E60F /* Sources */,
				4C2299DD220595810031E60F /* Frameworks */,
				4C2299DE220595810031E60F /* Resources */,
			);
			buildRules = (
			);
			dependencies = (
				4C2299E2220595810031E60F /* PBXTargetDependency */,
			);
			name = "Secure DoorTests";
			productName = "Secure DoorTests";
			productReference = 4C2299E0220595810031E60F /* Secure DoorTests.xctest */;
			productType = "com.apple.product-type.bundle.unit-test";
		};
/* End PBXNativeTarget section */

/* Begin PBXProject section */
		4C2299C12205957F0031E60F /* Project object */ = {
			isa = PBXProject;
			attributes = {
				LastSwiftUpdateCheck = 1010;
				LastUpgradeCheck = 1010;
				ORGANIZATIONNAME = Jakov;
				TargetAttributes = {
					4C2299C82205957F0031E60F = {
						CreatedOnToolsVersion = 10.1;
					};
					4C2299DF220595810031E60F = {
						CreatedOnToolsVersion = 10.1;
						TestTargetID = 4C2299C82205957F0031E60F;
					};
				};
			};
			buildConfigurationList = 4C2299C42205957F0031E60F /* Build configuration list for PBXProject "Secure Door" */;
			compatibilityVersion = "Xcode 9.3";
			developmentRegion = en;
			hasScannedForEncodings = 0;
			knownRegions = (
				en,
				Base,
			);
			mainGroup = 4C2299C02205957F0031E60F;
			productRefGroup = 4C2299CA2205957F0031E60F /* Products */;
			projectDirPath = "";
			projectRoot = "";
			targets = (
				4C2299C82205957F0031E60F /* Secure Door */,
				4C2299DF220595810031E60F /* Secure DoorTests */,
			);
		};
/* End PBXProject section */

/* Begin PBXResourcesBuildPhase section */
		4C2299C72205957F0031E60F /* Resources */ = {
			isa = PBXResourcesBuildPhase;
			buildActionMask = 2147483647;
			files = (
				4C122E6722061F1D000569BD /* MainMenu.storyboard in Resources */,
				4C229A1E22059B240031E60F /* Login.storyboard in Resources */,
				4C2299DA220595810031E60F /* LaunchScreen.storyboard in Resources */,
				4C2299D7220595810031E60F /* Assets.xcassets in Resources */,
				4CF439BD22077DA50025C392 /* Doors.storyboard in Resources */,
				4C229A11220599D60031E60F /* GoogleService-Info.plist in Resources */,
			);
			runOnlyForDeploymentPostprocessing = 0;
		};
		4C2299DE220595810031E60F /* Resources */ = {
			isa = PBXResourcesBuildPhase;
			buildActionMask = 2147483647;
			files = (
			);
			runOnlyForDeploymentPostprocessing = 0;
		};
/* End PBXResourcesBuildPhase section */

/* Begin PBXShellScriptBuildPhase section */
		288D966BB859A6213B931F44 /* [CP] Check Pods Manifest.lock */ = {
			isa = PBXShellScriptBuildPhase;
			buildActionMask = 2147483647;
			files = (
			);
			inputPaths = (
				"${PODS_PODFILE_DIR_PATH}/Podfile.lock",
				"${PODS_ROOT}/Manifest.lock",
			);
			name = "[CP] Check Pods Manifest.lock";
			outputPaths = (
				"$(DERIVED_FILE_DIR)/Pods-Secure Door-checkManifestLockResult.txt",
			);
			runOnlyForDeploymentPostprocessing = 0;
			shellPath = /bin/sh;
			shellScript = "diff \"${PODS_PODFILE_DIR_PATH}/Podfile.lock\" \"${PODS_ROOT}/Manifest.lock\" > /dev/null\nif [ $? != 0 ] ; then\n    # print error to STDERR\n    echo \"error: The sandbox is not in sync with the Podfile.lock. Run 'pod install' or update your CocoaPods installation.\" >&2\n    exit 1\nfi\n# This output is used by Xcode 'outputs' to avoid re-running this script phase.\necho \"SUCCESS\" > \"${SCRIPT_OUTPUT_FILE_0}\"\n";
			showEnvVarsInLog = 0;
		};
		76908288518BA685711F8BFB /* [CP] Embed Pods Frameworks */ = {
			isa = PBXShellScriptBuildPhase;
			buildActionMask = 2147483647;
			files = (
			);
			inputPaths = (
				"${SRCROOT}/Pods/Target Support Files/Pods-Secure Door/Pods-Secure Door-frameworks.sh",
				"${BUILT_PRODUCTS_DIR}/GTMSessionFetcher/GTMSessionFetcher.framework",
				"${BUILT_PRODUCTS_DIR}/GoogleUtilities/GoogleUtilities.framework",
				"${BUILT_PRODUCTS_DIR}/SVProgressHUD/SVProgressHUD.framework",
				"${BUILT_PRODUCTS_DIR}/SWRevealViewController/SWRevealViewController.framework",
				"${BUILT_PRODUCTS_DIR}/Swinject/Swinject.framework",
				"${BUILT_PRODUCTS_DIR}/SwinjectStoryboard/SwinjectStoryboard.framework",
				"${BUILT_PRODUCTS_DIR}/nanopb/nanopb.framework",
			);
			name = "[CP] Embed Pods Frameworks";
			outputPaths = (
				"${TARGET_BUILD_DIR}/${FRAMEWORKS_FOLDER_PATH}/GTMSessionFetcher.framework",
				"${TARGET_BUILD_DIR}/${FRAMEWORKS_FOLDER_PATH}/GoogleUtilities.framework",
				"${TARGET_BUILD_DIR}/${FRAMEWORKS_FOLDER_PATH}/SVProgressHUD.framework",
				"${TARGET_BUILD_DIR}/${FRAMEWORKS_FOLDER_PATH}/SWRevealViewController.framework",
				"${TARGET_BUILD_DIR}/${FRAMEWORKS_FOLDER_PATH}/Swinject.framework",
				"${TARGET_BUILD_DIR}/${FRAMEWORKS_FOLDER_PATH}/SwinjectStoryboard.framework",
				"${TARGET_BUILD_DIR}/${FRAMEWORKS_FOLDER_PATH}/nanopb.framework",
			);
			runOnlyForDeploymentPostprocessing = 0;
			shellPath = /bin/sh;
			shellScript = "\"${SRCROOT}/Pods/Target Support Files/Pods-Secure Door/Pods-Secure Door-frameworks.sh\"\n";
			showEnvVarsInLog = 0;
		};
		FA6A400E7FAFB63FD6161A1C /* [CP] Check Pods Manifest.lock */ = {
			isa = PBXShellScriptBuildPhase;
			buildActionMask = 2147483647;
			files = (
			);
			inputPaths = (
				"${PODS_PODFILE_DIR_PATH}/Podfile.lock",
				"${PODS_ROOT}/Manifest.lock",
			);
			name = "[CP] Check Pods Manifest.lock";
			outputPaths = (
				"$(DERIVED_FILE_DIR)/Pods-Secure DoorTests-checkManifestLockResult.txt",
			);
			runOnlyForDeploymentPostprocessing = 0;
			shellPath = /bin/sh;
			shellScript = "diff \"${PODS_PODFILE_DIR_PATH}/Podfile.lock\" \"${PODS_ROOT}/Manifest.lock\" > /dev/null\nif [ $? != 0 ] ; then\n    # print error to STDERR\n    echo \"error: The sandbox is not in sync with the Podfile.lock. Run 'pod install' or update your CocoaPods installation.\" >&2\n    exit 1\nfi\n# This output is used by Xcode 'outputs' to avoid re-running this script phase.\necho \"SUCCESS\" > \"${SCRIPT_OUTPUT_FILE_0}\"\n";
			showEnvVarsInLog = 0;
		};
/* End PBXShellScriptBuildPhase section */

/* Begin PBXSourcesBuildPhase section */
		4C2299C52205957F0031E60F /* Sources */ = {
			isa = PBXSourcesBuildPhase;
			buildActionMask = 2147483647;
			files = (
				4C122E6B22061F1D000569BD /* MainMenuInteractor.swift in Sources */,
				4CF439A7220768A90025C392 /* NSObjectExtension.swift in Sources */,
				4C229A2122059B5E0031E60F /* UserService.swift in Sources */,
				4CF439AE220773B20025C392 /* CoreDore.swift in Sources */,
				4C229A292205BA2F0031E60F /* ContainerProtocol.swift in Sources */,
				4C122E6A22061F1D000569BD /* MainMenuViewController.swift in Sources */,
				4CF439C022077DA50025C392 /* DoorsViewController.swift in Sources */,
				4C122E70220621BC000569BD /* SWRevelController.swift in Sources */,
				4CF439B0220774920025C392 /* DoorService.swift in Sources */,
				4CF439B32207751E0025C392 /* CoreDataDoorService.swift in Sources */,
				4C122E6E22061FEC000569BD /* MainMenuContainer.swift in Sources */,
				4C229A1922059B240031E60F /* LoginViewController.swift in Sources */,
				4CF439C222077DA50025C392 /* DoorsWireframe.swift in Sources */,
				4CF439A3220767D90025C392 /* CoreDataStack.swift in Sources */,
				4C2299D52205957F0031E60F /* Secure_Door.xcdatamodeld in Sources */,
				4C229A2D2205BC880031E60F /* LoginContainer.swift in Sources */,
				4CF439B52207765B0025C392 /* BaseModel.swift in Sources */,
				4C122E6922061F1D000569BD /* MainMenuPresenter.swift in Sources */,
				4CF439A1220744900025C392 /* FirebaseInitializer.swift in Sources */,
				4CF439C122077DA50025C392 /* DoorsInteractor.swift in Sources */,
				4C2299F82205964F0031E60F /* BasePresenter.swift in Sources */,
				4CF439C5220782510025C392 /* DoorTableViewCell.swift in Sources */,
				4C2299F52205964F0031E60F /* BaseInteractor.swift in Sources */,
				4C229A1B22059B240031E60F /* LoginPresenter.swift in Sources */,
				4C229A2622059E160031E60F /* Result.swift in Sources */,
				4C15A4152206EE9E0070C239 /* MenuButton.swift in Sources */,
				4CF439BF22077DA50025C392 /* DoorsPresenter.swift in Sources */,
				4C0F5B372208C85F007F2424 /* CoreDataInitializer.swift in Sources */,
				4C229A2422059C090031E60F /* FirebaseUserService.swift in Sources */,
				4C229A1C22059B240031E60F /* LoginInterfaces.swift in Sources */,
				4CF4399F2207444B0025C392 /* ProgressHudInitializer.swift in Sources */,
				4C122E6C22061F1D000569BD /* MainMenuWireframe.swift in Sources */,
				4C0F5B392208C995007F2424 /* AdminUserService.swift in Sources */,
				4C2299F62205964F0031E60F /* BaseView.swift in Sources */,
				4CF439A9220772A70025C392 /* Door.swift in Sources */,
				4CF439BE22077DA50025C392 /* DoorsInterfaces.swift in Sources */,
				4CF439C722078A4E0025C392 /* DoorsContainer.swift in Sources */,
				4C229A2B2205BB0F0031E60F /* AppContainer.swift in Sources */,
				4C229A0D220596FB0031E60F /* UIStoryboardExtension.swift in Sources */,
				4C2299F72205964F0031E60F /* BaseWireframe.swift in Sources */,
				4C2299CD2205957F0031E60F /* AppDelegate.swift in Sources */,
				4C0F5B3B2208C9C8007F2424 /* CoreDataAdminUserService.swift in Sources */,
				4C229A1A22059B240031E60F /* LoginInteractor.swift in Sources */,
				4C122E6822061F1D000569BD /* MainMenuInterfaces.swift in Sources */,
				4C229A09220596DD0031E60F /* SecureDoorNavigationController.swift in Sources */,
				4C0F5B3D2208D29D007F2424 /* CoreUser.swift in Sources */,
				4C229A1D22059B240031E60F /* LoginWireframe.swift in Sources */,
				4CF439AB220773140025C392 /* User.swift in Sources */,
				4CF439A52207684C0025C392 /* ObjectContextExtension.swift in Sources */,
				4CF4399D220743610025C392 /* SwinjectInitializer.swift in Sources */,
				4CF4399B220742440025C392 /* Initializable.swift in Sources */,
			);
			runOnlyForDeploymentPostprocessing = 0;
		};
		4C2299DC220595810031E60F /* Sources */ = {
			isa = PBXSourcesBuildPhase;
			buildActionMask = 2147483647;
			files = (
				4C2299E5220595810031E60F /* Secure_DoorTests.swift in Sources */,
			);
			runOnlyForDeploymentPostprocessing = 0;
		};
/* End PBXSourcesBuildPhase section */

/* Begin PBXTargetDependency section */
		4C2299E2220595810031E60F /* PBXTargetDependency */ = {
			isa = PBXTargetDependency;
			target = 4C2299C82205957F0031E60F /* Secure Door */;
			targetProxy = 4C2299E1220595810031E60F /* PBXContainerItemProxy */;
		};
/* End PBXTargetDependency section */

/* Begin PBXVariantGroup section */
		4C2299D8220595810031E60F /* LaunchScreen.storyboard */ = {
			isa = PBXVariantGroup;
			children = (
				4C2299D9220595810031E60F /* Base */,
			);
			name = LaunchScreen.storyboard;
			sourceTree = "<group>";
		};
/* End PBXVariantGroup section */

/* Begin XCBuildConfiguration section */
		4C2299E7220595810031E60F /* Debug */ = {
			isa = XCBuildConfiguration;
			buildSettings = {
				ALWAYS_SEARCH_USER_PATHS = NO;
				CLANG_ANALYZER_NONNULL = YES;
				CLANG_ANALYZER_NUMBER_OBJECT_CONVERSION = YES_AGGRESSIVE;
				CLANG_CXX_LANGUAGE_STANDARD = "gnu++14";
				CLANG_CXX_LIBRARY = "libc++";
				CLANG_ENABLE_MODULES = YES;
				CLANG_ENABLE_OBJC_ARC = YES;
				CLANG_ENABLE_OBJC_WEAK = YES;
				CLANG_WARN_BLOCK_CAPTURE_AUTORELEASING = YES;
				CLANG_WARN_BOOL_CONVERSION = YES;
				CLANG_WARN_COMMA = YES;
				CLANG_WARN_CONSTANT_CONVERSION = YES;
				CLANG_WARN_DEPRECATED_OBJC_IMPLEMENTATIONS = YES;
				CLANG_WARN_DIRECT_OBJC_ISA_USAGE = YES_ERROR;
				CLANG_WARN_DOCUMENTATION_COMMENTS = YES;
				CLANG_WARN_EMPTY_BODY = YES;
				CLANG_WARN_ENUM_CONVERSION = YES;
				CLANG_WARN_INFINITE_RECURSION = YES;
				CLANG_WARN_INT_CONVERSION = YES;
				CLANG_WARN_NON_LITERAL_NULL_CONVERSION = YES;
				CLANG_WARN_OBJC_IMPLICIT_RETAIN_SELF = YES;
				CLANG_WARN_OBJC_LITERAL_CONVERSION = YES;
				CLANG_WARN_OBJC_ROOT_CLASS = YES_ERROR;
				CLANG_WARN_RANGE_LOOP_ANALYSIS = YES;
				CLANG_WARN_STRICT_PROTOTYPES = YES;
				CLANG_WARN_SUSPICIOUS_MOVE = YES;
				CLANG_WARN_UNGUARDED_AVAILABILITY = YES_AGGRESSIVE;
				CLANG_WARN_UNREACHABLE_CODE = YES;
				CLANG_WARN__DUPLICATE_METHOD_MATCH = YES;
				CODE_SIGN_IDENTITY = "iPhone Developer";
				COPY_PHASE_STRIP = NO;
				DEBUG_INFORMATION_FORMAT = dwarf;
				ENABLE_STRICT_OBJC_MSGSEND = YES;
				ENABLE_TESTABILITY = YES;
				GCC_C_LANGUAGE_STANDARD = gnu11;
				GCC_DYNAMIC_NO_PIC = NO;
				GCC_NO_COMMON_BLOCKS = YES;
				GCC_OPTIMIZATION_LEVEL = 0;
				GCC_PREPROCESSOR_DEFINITIONS = (
					"DEBUG=1",
					"$(inherited)",
				);
				GCC_WARN_64_TO_32_BIT_CONVERSION = YES;
				GCC_WARN_ABOUT_RETURN_TYPE = YES_ERROR;
				GCC_WARN_UNDECLARED_SELECTOR = YES;
				GCC_WARN_UNINITIALIZED_AUTOS = YES_AGGRESSIVE;
				GCC_WARN_UNUSED_FUNCTION = YES;
				GCC_WARN_UNUSED_VARIABLE = YES;
				IPHONEOS_DEPLOYMENT_TARGET = 12.1;
				MTL_ENABLE_DEBUG_INFO = INCLUDE_SOURCE;
				MTL_FAST_MATH = YES;
				ONLY_ACTIVE_ARCH = YES;
				SDKROOT = iphoneos;
				SWIFT_ACTIVE_COMPILATION_CONDITIONS = DEBUG;
				SWIFT_OPTIMIZATION_LEVEL = "-Onone";
			};
			name = Debug;
		};
		4C2299E8220595810031E60F /* Release */ = {
			isa = XCBuildConfiguration;
			buildSettings = {
				ALWAYS_SEARCH_USER_PATHS = NO;
				CLANG_ANALYZER_NONNULL = YES;
				CLANG_ANALYZER_NUMBER_OBJECT_CONVERSION = YES_AGGRESSIVE;
				CLANG_CXX_LANGUAGE_STANDARD = "gnu++14";
				CLANG_CXX_LIBRARY = "libc++";
				CLANG_ENABLE_MODULES = YES;
				CLANG_ENABLE_OBJC_ARC = YES;
				CLANG_ENABLE_OBJC_WEAK = YES;
				CLANG_WARN_BLOCK_CAPTURE_AUTORELEASING = YES;
				CLANG_WARN_BOOL_CONVERSION = YES;
				CLANG_WARN_COMMA = YES;
				CLANG_WARN_CONSTANT_CONVERSION = YES;
				CLANG_WARN_DEPRECATED_OBJC_IMPLEMENTATIONS = YES;
				CLANG_WARN_DIRECT_OBJC_ISA_USAGE = YES_ERROR;
				CLANG_WARN_DOCUMENTATION_COMMENTS = YES;
				CLANG_WARN_EMPTY_BODY = YES;
				CLANG_WARN_ENUM_CONVERSION = YES;
				CLANG_WARN_INFINITE_RECURSION = YES;
				CLANG_WARN_INT_CONVERSION = YES;
				CLANG_WARN_NON_LITERAL_NULL_CONVERSION = YES;
				CLANG_WARN_OBJC_IMPLICIT_RETAIN_SELF = YES;
				CLANG_WARN_OBJC_LITERAL_CONVERSION = YES;
				CLANG_WARN_OBJC_ROOT_CLASS = YES_ERROR;
				CLANG_WARN_RANGE_LOOP_ANALYSIS = YES;
				CLANG_WARN_STRICT_PROTOTYPES = YES;
				CLANG_WARN_SUSPICIOUS_MOVE = YES;
				CLANG_WARN_UNGUARDED_AVAILABILITY = YES_AGGRESSIVE;
				CLANG_WARN_UNREACHABLE_CODE = YES;
				CLANG_WARN__DUPLICATE_METHOD_MATCH = YES;
				CODE_SIGN_IDENTITY = "iPhone Developer";
				COPY_PHASE_STRIP = NO;
				DEBUG_INFORMATION_FORMAT = "dwarf-with-dsym";
				ENABLE_NS_ASSERTIONS = NO;
				ENABLE_STRICT_OBJC_MSGSEND = YES;
				GCC_C_LANGUAGE_STANDARD = gnu11;
				GCC_NO_COMMON_BLOCKS = YES;
				GCC_WARN_64_TO_32_BIT_CONVERSION = YES;
				GCC_WARN_ABOUT_RETURN_TYPE = YES_ERROR;
				GCC_WARN_UNDECLARED_SELECTOR = YES;
				GCC_WARN_UNINITIALIZED_AUTOS = YES_AGGRESSIVE;
				GCC_WARN_UNUSED_FUNCTION = YES;
				GCC_WARN_UNUSED_VARIABLE = YES;
				IPHONEOS_DEPLOYMENT_TARGET = 12.1;
				MTL_ENABLE_DEBUG_INFO = NO;
				MTL_FAST_MATH = YES;
				SDKROOT = iphoneos;
				SWIFT_COMPILATION_MODE = wholemodule;
				SWIFT_OPTIMIZATION_LEVEL = "-O";
				VALIDATE_PRODUCT = YES;
			};
			name = Release;
		};
		4C2299EA220595810031E60F /* Debug */ = {
			isa = XCBuildConfiguration;
			baseConfigurationReference = 5F0227853240E6C9206CA996 /* Pods-Secure Door.debug.xcconfig */;
			buildSettings = {
				ASSETCATALOG_COMPILER_APPICON_NAME = AppIcon;
				CODE_SIGN_STYLE = Automatic;
				DEVELOPMENT_TEAM = 5WC3Q4PQ98;
				INFOPLIST_FILE = "$(SRCROOT)/Secure Door/SupportingFiles/Info.plist";
				LD_RUNPATH_SEARCH_PATHS = (
					"$(inherited)",
					"@executable_path/Frameworks",
				);
				PRODUCT_BUNDLE_IDENTIFIER = "com.jakov.Secure-Door";
				PRODUCT_NAME = "$(TARGET_NAME)";
				SWIFT_VERSION = 4.2;
				TARGETED_DEVICE_FAMILY = "1,2";
			};
			name = Debug;
		};
		4C2299EB220595810031E60F /* Release */ = {
			isa = XCBuildConfiguration;
			baseConfigurationReference = 40864D784103B6D016D17A85 /* Pods-Secure Door.release.xcconfig */;
			buildSettings = {
				ASSETCATALOG_COMPILER_APPICON_NAME = AppIcon;
				CODE_SIGN_STYLE = Automatic;
				DEVELOPMENT_TEAM = 5WC3Q4PQ98;
				INFOPLIST_FILE = "$(SRCROOT)/Secure Door/SupportingFiles/Info.plist";
				LD_RUNPATH_SEARCH_PATHS = (
					"$(inherited)",
					"@executable_path/Frameworks",
				);
				PRODUCT_BUNDLE_IDENTIFIER = "com.jakov.Secure-Door";
				PRODUCT_NAME = "$(TARGET_NAME)";
				SWIFT_VERSION = 4.2;
				TARGETED_DEVICE_FAMILY = "1,2";
			};
			name = Release;
		};
		4C2299ED220595810031E60F /* Debug */ = {
			isa = XCBuildConfiguration;
			baseConfigurationReference = DA68C7240804192C4E196E1F /* Pods-Secure DoorTests.debug.xcconfig */;
			buildSettings = {
				ALWAYS_EMBED_SWIFT_STANDARD_LIBRARIES = YES;
				BUNDLE_LOADER = "$(TEST_HOST)";
				CODE_SIGN_STYLE = Automatic;
				DEVELOPMENT_TEAM = 5WC3Q4PQ98;
				INFOPLIST_FILE = "Secure DoorTests/Info.plist";
				LD_RUNPATH_SEARCH_PATHS = (
					"$(inherited)",
					"@executable_path/Frameworks",
					"@loader_path/Frameworks",
				);
				PRODUCT_BUNDLE_IDENTIFIER = "com.jakov.Secure-DoorTests";
				PRODUCT_NAME = "$(TARGET_NAME)";
				SWIFT_VERSION = 4.2;
				TARGETED_DEVICE_FAMILY = "1,2";
				TEST_HOST = "$(BUILT_PRODUCTS_DIR)/Secure Door.app/Secure Door";
			};
			name = Debug;
		};
		4C2299EE220595810031E60F /* Release */ = {
			isa = XCBuildConfiguration;
			baseConfigurationReference = A6BECA7421BD912F320915D0 /* Pods-Secure DoorTests.release.xcconfig */;
			buildSettings = {
				ALWAYS_EMBED_SWIFT_STANDARD_LIBRARIES = YES;
				BUNDLE_LOADER = "$(TEST_HOST)";
				CODE_SIGN_STYLE = Automatic;
				DEVELOPMENT_TEAM = 5WC3Q4PQ98;
				INFOPLIST_FILE = "Secure DoorTests/Info.plist";
				LD_RUNPATH_SEARCH_PATHS = (
					"$(inherited)",
					"@executable_path/Frameworks",
					"@loader_path/Frameworks",
				);
				PRODUCT_BUNDLE_IDENTIFIER = "com.jakov.Secure-DoorTests";
				PRODUCT_NAME = "$(TARGET_NAME)";
				SWIFT_VERSION = 4.2;
				TARGETED_DEVICE_FAMILY = "1,2";
				TEST_HOST = "$(BUILT_PRODUCTS_DIR)/Secure Door.app/Secure Door";
			};
			name = Release;
		};
/* End XCBuildConfiguration section */

/* Begin XCConfigurationList section */
		4C2299C42205957F0031E60F /* Build configuration list for PBXProject "Secure Door" */ = {
			isa = XCConfigurationList;
			buildConfigurations = (
				4C2299E7220595810031E60F /* Debug */,
				4C2299E8220595810031E60F /* Release */,
			);
			defaultConfigurationIsVisible = 0;
			defaultConfigurationName = Release;
		};
		4C2299E9220595810031E60F /* Build configuration list for PBXNativeTarget "Secure Door" */ = {
			isa = XCConfigurationList;
			buildConfigurations = (
				4C2299EA220595810031E60F /* Debug */,
				4C2299EB220595810031E60F /* Release */,
			);
			defaultConfigurationIsVisible = 0;
			defaultConfigurationName = Release;
		};
		4C2299EC220595810031E60F /* Build configuration list for PBXNativeTarget "Secure DoorTests" */ = {
			isa = XCConfigurationList;
			buildConfigurations = (
				4C2299ED220595810031E60F /* Debug */,
				4C2299EE220595810031E60F /* Release */,
			);
			defaultConfigurationIsVisible = 0;
			defaultConfigurationName = Release;
		};
/* End XCConfigurationList section */

/* Begin XCVersionGroup section */
		4C2299D32205957F0031E60F /* Secure_Door.xcdatamodeld */ = {
			isa = XCVersionGroup;
			children = (
				4C2299D42205957F0031E60F /* Secure_Door.xcdatamodel */,
			);
			currentVersion = 4C2299D42205957F0031E60F /* Secure_Door.xcdatamodel */;
			path = Secure_Door.xcdatamodeld;
			sourceTree = "<group>";
			versionGroupType = wrapper.xcdatamodel;
		};
/* End XCVersionGroup section */
	};
	rootObject = 4C2299C12205957F0031E60F /* Project object */;
}
